
Microsoft Visual Studio Solution File, Format Version 12.00
# Visual Studio Version 16
VisualStudioVersion = 16.0.30320.27
MinimumVisualStudioVersion = 10.0.40219.1
Project("{2150E333-8FDC-42A3-9474-1A3956D46DE8}") = "Tests", "Tests", "{79D5CD99-4536-4BA9-9002-CB5F566C8917}"
EndProject
Project("{9A19103F-16F7-4668-BE54-9A1E7A4F7556}") = "IPScan.BLL.Test", "IPScan.BLL.Test\IPScan.BLL.Test.csproj", "{F03B994E-2A51-494C-8CC2-3677731CC1EF}"
EndProject
Project("{9A19103F-16F7-4668-BE54-9A1E7A4F7556}") = "IPScan.SUP.Test", "IPScan.SUP.Test\IPScan.SUP.Test.csproj", "{4DE052FC-516A-40BB-9014-8E5E4FA4FE8E}"
EndProject
Project("{FAE04EC0-301F-11D3-BF4B-00C04F79EFBC}") = "IPScan.BLL", "IPScan.BLL\IPScan.BLL.csproj", "{342B5E88-FF01-426E-88F0-BCB28E048F26}"
EndProject
Project("{FAE04EC0-301F-11D3-BF4B-00C04F79EFBC}") = "IPScan.SUP", "IPScan.SUP\IPScan.SUP.csproj", "{03000189-D66E-4CEB-81BC-3C3F65F53F49}"
EndProject
Project("{FAE04EC0-301F-11D3-BF4B-00C04F79EFBC}") = "IPScan", "IPScan\IPScan.csproj", "{2E021EDA-682E-454D-A642-E79EB83A4587}"
EndProject
Project("{FAE04EC0-301F-11D3-BF4B-00C04F79EFBC}") = "IPScan.Test", "IPScan.Test\IPScan.Test.csproj", "{FA28EE1F-5C1E-4CB9-8A0F-44667285D58D}"
EndProject
Global
	GlobalSection(SolutionConfigurationPlatforms) = preSolution
		Debug|Any CPU = Debug|Any CPU
		Release|Any CPU = Release|Any CPU
	EndGlobalSection
	GlobalSection(ProjectConfigurationPlatforms) = postSolution
		{F03B994E-2A51-494C-8CC2-3677731CC1EF}.Debug|Any CPU.ActiveCfg = Debug|Any CPU
		{F03B994E-2A51-494C-8CC2-3677731CC1EF}.Debug|Any CPU.Build.0 = Debug|Any CPU
		{F03B994E-2A51-494C-8CC2-3677731CC1EF}.Release|Any CPU.ActiveCfg = Release|Any CPU
		{4DE052FC-516A-40BB-9014-8E5E4FA4FE8E}.Debug|Any CPU.ActiveCfg = Debug|Any CPU
		{4DE052FC-516A-40BB-9014-8E5E4FA4FE8E}.Debug|Any CPU.Build.0 = Debug|Any CPU
		{4DE052FC-516A-40BB-9014-8E5E4FA4FE8E}.Release|Any CPU.ActiveCfg = Release|Any CPU
		{342B5E88-FF01-426E-88F0-BCB28E048F26}.Debug|Any CPU.ActiveCfg = Debug|Any CPU
		{342B5E88-FF01-426E-88F0-BCB28E048F26}.Debug|Any CPU.Build.0 = Debug|Any CPU
		{342B5E88-FF01-426E-88F0-BCB28E048F26}.Release|Any CPU.ActiveCfg = Release|Any CPU
		{342B5E88-FF01-426E-88F0-BCB28E048F26}.Release|Any CPU.Build.0 = Release|Any CPU
		{03000189-D66E-4CEB-81BC-3C3F65F53F49}.Debug|Any CPU.ActiveCfg = Debug|Any CPU
		{03000189-D66E-4CEB-81BC-3C3F65F53F49}.Debug|Any CPU.Build.0 = Debug|Any CPU
		{03000189-D66E-4CEB-81BC-3C3F65F53F49}.Release|Any CPU.ActiveCfg = Release|Any CPU
		{03000189-D66E-4CEB-81BC-3C3F65F53F49}.Release|Any CPU.Build.0 = Release|Any CPU
		{2E021EDA-682E-454D-A642-E79EB83A4587}.Debug|Any CPU.ActiveCfg = Debug|Any CPU
		{2E021EDA-682E-454D-A642-E79EB83A4587}.Debug|Any CPU.Build.0 = Debug|Any CPU
		{2E021EDA-682E-454D-A642-E79EB83A4587}.Release|Any CPU.ActiveCfg = Release|Any CPU
		{2E021EDA-682E-454D-A642-E79EB83A4587}.Release|Any CPU.Build.0 = Release|Any CPU
		{FA28EE1F-5C1E-4CB9-8A0F-44667285D58D}.Debug|Any CPU.ActiveCfg = Debug|Any CPU
		{FA28EE1F-5C1E-4CB9-8A0F-44667285D58D}.Debug|Any CPU.Build.0 = Debug|Any CPU
		{FA28EE1F-5C1E-4CB9-8A0F-44667285D58D}.Release|Any CPU.ActiveCfg = Release|Any CPU
		{FA28EE1F-5C1E-4CB9-8A0F-44667285D58D}.Release|Any CPU.Build.0 = Release|Any CPU
	EndGlobalSection
	GlobalSection(SolutionProperties) = preSolution
		HideSolutionNode = FALSE
	EndGlobalSection
	GlobalSection(NestedProjects) = preSolution
		{F03B994E-2A51-494C-8CC2-3677731CC1EF} = {79D5CD99-4536-4BA9-9002-CB5F566C8917}
		{4DE052FC-516A-40BB-9014-8E5E4FA4FE8E} = {79D5CD99-4536-4BA9-9002-CB5F566C8917}
		{FA28EE1F-5C1E-4CB9-8A0F-44667285D58D} = {79D5CD99-4536-4BA9-9002-CB5F566C8917}
	EndGlobalSection
	GlobalSection(ExtensibilityGlobals) = postSolution
		SolutionGuid = {87EF14BB-B192-4769-9456-93368C177BE0}
	EndGlobalSection
EndGlobal
