
Microsoft Visual Studio Solution File, Format Version 12.00
# Visual Studio 15
VisualStudioVersion = 15.0.28307.757
MinimumVisualStudioVersion = 10.0.40219.1
Project("{FAE04EC0-301F-11D3-BF4B-00C04F79EFBC}") = "IPScan", "IPScan\IPScan.csproj", "{DDB0F08D-DD92-4871-BD39-247FF62C7100}"
EndProject
Project("{FAE04EC0-301F-11D3-BF4B-00C04F79EFBC}") = "IPScan.Test", "IPScan.Test\IPScan.Test.csproj", "{07EC29C2-C58E-4002-8605-39797208A14A}"
EndProject
Global
	GlobalSection(SolutionConfigurationPlatforms) = preSolution
		Debug|Any CPU = Debug|Any CPU
		Release|Any CPU = Release|Any CPU
	EndGlobalSection
	GlobalSection(ProjectConfigurationPlatforms) = postSolution
		{DDB0F08D-DD92-4871-BD39-247FF62C7100}.Debug|Any CPU.ActiveCfg = Debug|Any CPU
		{DDB0F08D-DD92-4871-BD39-247FF62C7100}.Debug|Any CPU.Build.0 = Debug|Any CPU
		{DDB0F08D-DD92-4871-BD39-247FF62C7100}.Release|Any CPU.ActiveCfg = Release|Any CPU
		{DDB0F08D-DD92-4871-BD39-247FF62C7100}.Release|Any CPU.Build.0 = Release|Any CPU
		{07EC29C2-C58E-4002-8605-39797208A14A}.Debug|Any CPU.ActiveCfg = Debug|Any CPU
		{07EC29C2-C58E-4002-8605-39797208A14A}.Debug|Any CPU.Build.0 = Debug|Any CPU
		{07EC29C2-C58E-4002-8605-39797208A14A}.Release|Any CPU.ActiveCfg = Release|Any CPU
		{07EC29C2-C58E-4002-8605-39797208A14A}.Release|Any CPU.Build.0 = Release|Any CPU
	EndGlobalSection
	GlobalSection(SolutionProperties) = preSolution
		HideSolutionNode = FALSE
	EndGlobalSection
	GlobalSection(ExtensibilityGlobals) = postSolution
		SolutionGuid = {87EF14BB-B192-4769-9456-93368C177BE0}
	EndGlobalSection
EndGlobal
