
Microsoft Visual Studio Solution File, Format Version 12.00
# Visual Studio Version 16
VisualStudioVersion = 16.0.30320.27
MinimumVisualStudioVersion = 10.0.40219.1
Project("{FAE04EC0-301F-11D3-BF4B-00C04F79EFBC}") = "IPScan", "IPScan\IPScan.csproj", "{DDB0F08D-DD92-4871-BD39-247FF62C7100}"
EndProject
Project("{9A19103F-16F7-4668-BE54-9A1E7A4F7556}") = "IPScan.Test", "IPScan.Test\IPScan.Test.csproj", "{07EC29C2-C58E-4002-8605-39797208A14A}"
EndProject
Project("{9A19103F-16F7-4668-BE54-9A1E7A4F7556}") = "IPScan.BLL", "IPScan.BLL\IPScan.BLL.csproj", "{0F0F62FB-425E-480F-A82C-31D81242FB3E}"
EndProject
Project("{9A19103F-16F7-4668-BE54-9A1E7A4F7556}") = "IPScan.SUP", "IPScan.SUP\IPScan.SUP.csproj", "{1EB7C73D-28B8-4BD0-AFAB-CB0B039AEE26}"
EndProject
Project("{2150E333-8FDC-42A3-9474-1A3956D46DE8}") = "Tests", "Tests", "{79D5CD99-4536-4BA9-9002-CB5F566C8917}"
EndProject
Project("{9A19103F-16F7-4668-BE54-9A1E7A4F7556}") = "IPScan.BLL.Test", "IPScan.BLL.Test\IPScan.BLL.Test.csproj", "{F03B994E-2A51-494C-8CC2-3677731CC1EF}"
EndProject
Project("{9A19103F-16F7-4668-BE54-9A1E7A4F7556}") = "IPScan.SUP.Test", "IPScan.SUP.Test\IPScan.SUP.Test.csproj", "{4DE052FC-516A-40BB-9014-8E5E4FA4FE8E}"
EndProject
Global
	GlobalSection(SolutionConfigurationPlatforms) = preSolution
		Debug|Any CPU = Debug|Any CPU
		Release|Any CPU = Release|Any CPU
	EndGlobalSection
	GlobalSection(ProjectConfigurationPlatforms) = postSolution
		{DDB0F08D-DD92-4871-BD39-247FF62C7100}.Debug|Any CPU.ActiveCfg = Debug|Any CPU
		{DDB0F08D-DD92-4871-BD39-247FF62C7100}.Debug|Any CPU.Build.0 = Debug|Any CPU
		{DDB0F08D-DD92-4871-BD39-247FF62C7100}.Release|Any CPU.ActiveCfg = Release|Any CPU
		{DDB0F08D-DD92-4871-BD39-247FF62C7100}.Release|Any CPU.Build.0 = Release|Any CPU
		{07EC29C2-C58E-4002-8605-39797208A14A}.Debug|Any CPU.ActiveCfg = Debug|Any CPU
		{07EC29C2-C58E-4002-8605-39797208A14A}.Debug|Any CPU.Build.0 = Debug|Any CPU
		{07EC29C2-C58E-4002-8605-39797208A14A}.Release|Any CPU.ActiveCfg = Release|Any CPU
		{0F0F62FB-425E-480F-A82C-31D81242FB3E}.Debug|Any CPU.ActiveCfg = Debug|Any CPU
		{0F0F62FB-425E-480F-A82C-31D81242FB3E}.Debug|Any CPU.Build.0 = Debug|Any CPU
		{0F0F62FB-425E-480F-A82C-31D81242FB3E}.Release|Any CPU.ActiveCfg = Release|Any CPU
		{0F0F62FB-425E-480F-A82C-31D81242FB3E}.Release|Any CPU.Build.0 = Release|Any CPU
		{1EB7C73D-28B8-4BD0-AFAB-CB0B039AEE26}.Debug|Any CPU.ActiveCfg = Debug|Any CPU
		{1EB7C73D-28B8-4BD0-AFAB-CB0B039AEE26}.Debug|Any CPU.Build.0 = Debug|Any CPU
		{1EB7C73D-28B8-4BD0-AFAB-CB0B039AEE26}.Release|Any CPU.ActiveCfg = Release|Any CPU
		{1EB7C73D-28B8-4BD0-AFAB-CB0B039AEE26}.Release|Any CPU.Build.0 = Release|Any CPU
		{F03B994E-2A51-494C-8CC2-3677731CC1EF}.Debug|Any CPU.ActiveCfg = Debug|Any CPU
		{F03B994E-2A51-494C-8CC2-3677731CC1EF}.Debug|Any CPU.Build.0 = Debug|Any CPU
		{F03B994E-2A51-494C-8CC2-3677731CC1EF}.Release|Any CPU.ActiveCfg = Release|Any CPU
		{4DE052FC-516A-40BB-9014-8E5E4FA4FE8E}.Debug|Any CPU.ActiveCfg = Debug|Any CPU
		{4DE052FC-516A-40BB-9014-8E5E4FA4FE8E}.Debug|Any CPU.Build.0 = Debug|Any CPU
		{4DE052FC-516A-40BB-9014-8E5E4FA4FE8E}.Release|Any CPU.ActiveCfg = Release|Any CPU
	EndGlobalSection
	GlobalSection(SolutionProperties) = preSolution
		HideSolutionNode = FALSE
	EndGlobalSection
	GlobalSection(NestedProjects) = preSolution
		{07EC29C2-C58E-4002-8605-39797208A14A} = {79D5CD99-4536-4BA9-9002-CB5F566C8917}
		{F03B994E-2A51-494C-8CC2-3677731CC1EF} = {79D5CD99-4536-4BA9-9002-CB5F566C8917}
		{4DE052FC-516A-40BB-9014-8E5E4FA4FE8E} = {79D5CD99-4536-4BA9-9002-CB5F566C8917}
	EndGlobalSection
	GlobalSection(ExtensibilityGlobals) = postSolution
		SolutionGuid = {87EF14BB-B192-4769-9456-93368C177BE0}
	EndGlobalSection
EndGlobal
